
Microsoft Visual Studio Solution File, Format Version 12.00
# Visual Studio 14
VisualStudioVersion = 14.0.25420.1
MinimumVisualStudioVersion = 10.0.40219.1
Project("{FAE04EC0-301F-11D3-BF4B-00C04F79EFBC}") = "SisAlunosMVC", "SisAlunos\SisAlunosMVC.csproj", "{CBE9E0A4-C24C-4C4A-80F4-EBBD3F3407F7}"
EndProject
Project("{FAE04EC0-301F-11D3-BF4B-00C04F79EFBC}") = "SisAlunos.ModelData", "SisAlunos.ModelData\SisAlunos.ModelData.csproj", "{3BAE1914-AED0-45CA-8F19-29722CE2CAAE}"
EndProject
Global
	GlobalSection(SolutionConfigurationPlatforms) = preSolution
		Debug|Any CPU = Debug|Any CPU
		Release|Any CPU = Release|Any CPU
	EndGlobalSection
	GlobalSection(ProjectConfigurationPlatforms) = postSolution
		{CBE9E0A4-C24C-4C4A-80F4-EBBD3F3407F7}.Debug|Any CPU.ActiveCfg = Debug|Any CPU
		{CBE9E0A4-C24C-4C4A-80F4-EBBD3F3407F7}.Debug|Any CPU.Build.0 = Debug|Any CPU
		{CBE9E0A4-C24C-4C4A-80F4-EBBD3F3407F7}.Release|Any CPU.ActiveCfg = Release|Any CPU
		{CBE9E0A4-C24C-4C4A-80F4-EBBD3F3407F7}.Release|Any CPU.Build.0 = Release|Any CPU
		{3BAE1914-AED0-45CA-8F19-29722CE2CAAE}.Debug|Any CPU.ActiveCfg = Debug|Any CPU
		{3BAE1914-AED0-45CA-8F19-29722CE2CAAE}.Debug|Any CPU.Build.0 = Debug|Any CPU
		{3BAE1914-AED0-45CA-8F19-29722CE2CAAE}.Release|Any CPU.ActiveCfg = Release|Any CPU
		{3BAE1914-AED0-45CA-8F19-29722CE2CAAE}.Release|Any CPU.Build.0 = Release|Any CPU
	EndGlobalSection
	GlobalSection(SolutionProperties) = preSolution
		HideSolutionNode = FALSE
	EndGlobalSection
EndGlobal
